
Microsoft Visual Studio Solution File, Format Version 12.00
# Visual Studio Version 17
VisualStudioVersion = 17.6.33723.286
MinimumVisualStudioVersion = 10.0.40219.1
Project("{FAE04EC0-301F-11D3-BF4B-00C04F79EFBC}") = "Gestion des Collaborateurs", "Gestion des Collaborateurs\Gestion des Collaborateurs.csproj", "{1B38D285-1ED5-4931-B853-BE1C01DBFF25}"
EndProject
Global
	GlobalSection(SolutionConfigurationPlatforms) = preSolution
		Debug|Any CPU = Debug|Any CPU
		Release|Any CPU = Release|Any CPU
	EndGlobalSection
	GlobalSection(ProjectConfigurationPlatforms) = postSolution
		{1B38D285-1ED5-4931-B853-BE1C01DBFF25}.Debug|Any CPU.ActiveCfg = Debug|Any CPU
		{1B38D285-1ED5-4931-B853-BE1C01DBFF25}.Debug|Any CPU.Build.0 = Debug|Any CPU
		{1B38D285-1ED5-4931-B853-BE1C01DBFF25}.Release|Any CPU.ActiveCfg = Release|Any CPU
		{1B38D285-1ED5-4931-B853-BE1C01DBFF25}.Release|Any CPU.Build.0 = Release|Any CPU
	EndGlobalSection
	GlobalSection(SolutionProperties) = preSolution
		HideSolutionNode = FALSE
	EndGlobalSection
	GlobalSection(ExtensibilityGlobals) = postSolution
		SolutionGuid = {0E7264D8-B3BA-452A-9F1F-345D4BF8EF37}
	EndGlobalSection
EndGlobal
